Microsoft Visual Studio Solution File, Format Version 12.00
# Visual Studio Version 16
VisualStudioVersion = 16.0.0.0
MinimumVisualStudioVersion = 16.0.0.0
Project("{9A19103F-16F7-4668-BE54-9A1E7A4F7556}") = "EntityDataObjectDemo", "EntityDataObjectDemo\EntityDataObjectDemo.csproj", "{B248E936-DA57-4AAC-9AB7-BBA4634710FE}"
EndProject
Project("{9A19103F-16F7-4668-BE54-9A1E7A4F7556}") = "EntityDataObjectDemo.Client", "EntityDataObjectDemo.Client\EntityDataObjectDemo.Client.csproj", "{CC087821-856F-4C3E-A2B9-41C8047BBC06}"
EndProject
Global
	GlobalSection(SolutionConfigurationPlatforms) = preSolution
		Debug|Any CPU = Debug|Any CPU
		Debug|x64 = Debug|x64
		Debug|x86 = Debug|x86
		Release|Any CPU = Release|Any CPU
		Release|x64 = Release|x64
		Release|x86 = Release|x86
	EndGlobalSection
	GlobalSection(ProjectConfigurationPlatforms) = postSolution
		{CC087821-856F-4C3E-A2B9-41C8047BBC06}.Debug|Any CPU.ActiveCfg = Debug|Any CPU
		{CC087821-856F-4C3E-A2B9-41C8047BBC06}.Debug|Any CPU.Build.0 = Debug|Any CPU
		{CC087821-856F-4C3E-A2B9-41C8047BBC06}.Debug|x64.ActiveCfg = Debug|Any CPU
		{CC087821-856F-4C3E-A2B9-41C8047BBC06}.Debug|x64.Build.0 = Debug|Any CPU
		{CC087821-856F-4C3E-A2B9-41C8047BBC06}.Debug|x86.ActiveCfg = Debug|Any CPU
		{CC087821-856F-4C3E-A2B9-41C8047BBC06}.Debug|x86.Build.0 = Debug|Any CPU
		{CC087821-856F-4C3E-A2B9-41C8047BBC06}.Release|Any CPU.ActiveCfg = Release|Any CPU
		{CC087821-856F-4C3E-A2B9-41C8047BBC06}.Release|Any CPU.Build.0 = Release|Any CPU
		{CC087821-856F-4C3E-A2B9-41C8047BBC06}.Release|x64.ActiveCfg = Release|Any CPU
		{CC087821-856F-4C3E-A2B9-41C8047BBC06}.Release|x64.Build.0 = Release|Any CPU
		{CC087821-856F-4C3E-A2B9-41C8047BBC06}.Release|x86.ActiveCfg = Release|Any CPU
		{CC087821-856F-4C3E-A2B9-41C8047BBC06}.Release|x86.Build.0 = Release|Any CPU
		{B248E936-DA57-4AAC-9AB7-BBA4634710FE}.Debug|Any CPU.ActiveCfg = Debug|Any CPU
		{B248E936-DA57-4AAC-9AB7-BBA4634710FE}.Debug|Any CPU.Build.0 = Debug|Any CPU
		{B248E936-DA57-4AAC-9AB7-BBA4634710FE}.Debug|x64.ActiveCfg = Debug|Any CPU
		{B248E936-DA57-4AAC-9AB7-BBA4634710FE}.Debug|x64.Build.0 = Debug|Any CPU
		{B248E936-DA57-4AAC-9AB7-BBA4634710FE}.Debug|x86.ActiveCfg = Debug|Any CPU
		{B248E936-DA57-4AAC-9AB7-BBA4634710FE}.Debug|x86.Build.0 = Debug|Any CPU
		{B248E936-DA57-4AAC-9AB7-BBA4634710FE}.Release|Any CPU.ActiveCfg = Release|Any CPU
		{B248E936-DA57-4AAC-9AB7-BBA4634710FE}.Release|Any CPU.Build.0 = Release|Any CPU
		{B248E936-DA57-4AAC-9AB7-BBA4634710FE}.Release|x64.ActiveCfg = Release|Any CPU
		{B248E936-DA57-4AAC-9AB7-BBA4634710FE}.Release|x64.Build.0 = Release|Any CPU
		{B248E936-DA57-4AAC-9AB7-BBA4634710FE}.Release|x86.ActiveCfg = Release|Any CPU
		{B248E936-DA57-4AAC-9AB7-BBA4634710FE}.Release|x86.Build.0 = Release|Any CPU
	EndGlobalSection
	GlobalSection(SolutionProperties) = preSolution
		HideSolutionNode = FALSE
	EndGlobalSection
	GlobalSection(ExtensibilityGlobals) = postSolution
		SolutionGuid = {907B07B3-F143-4C29-9A63-3D95BAFB3903}
	EndGlobalSection
EndGlobal
